Microsoft Visual Studio Solution File, Format Version 12.00
# Visual Studio Version 17
VisualStudioVersion = 17.5.2.0
MinimumVisualStudioVersion = 10.0.40219.1
Project("{2150E333-8FDC-42A3-9474-1A3956D46DE8}") = "backend", "backend", "{1AE8ACA6-933B-BF2A-3671-3E2EAC007D16}"
EndProject
Project("{FAE04EC0-301F-11D3-BF4B-00C04F79EFBC}") = "LogKeeper.API", "backend\LogKeeper.API\LogKeeper.API.csproj", "{1F666926-E680-5B41-7F5D-206843233346}"
EndProject
Global
	GlobalSection(SolutionConfigurationPlatforms) = preSolution
		Debug|Any CPU = Debug|Any CPU
		Release|Any CPU = Release|Any CPU
	EndGlobalSection
	GlobalSection(ProjectConfigurationPlatforms) = postSolution
		{1F666926-E680-5B41-7F5D-206843233346}.Debug|Any CPU.ActiveCfg = Debug|Any CPU
		{1F666926-E680-5B41-7F5D-206843233346}.Debug|Any CPU.Build.0 = Debug|Any CPU
		{1F666926-E680-5B41-7F5D-206843233346}.Release|Any CPU.ActiveCfg = Release|Any CPU
		{1F666926-E680-5B41-7F5D-206843233346}.Release|Any CPU.Build.0 = Release|Any CPU
	EndGlobalSection
	GlobalSection(SolutionProperties) = preSolution
		HideSolutionNode = FALSE
	EndGlobalSection
	GlobalSection(NestedProjects) = preSolution
		{1F666926-E680-5B41-7F5D-206843233346} = {1AE8ACA6-933B-BF2A-3671-3E2EAC007D16}
	EndGlobalSection
	GlobalSection(ExtensibilityGlobals) = postSolution
		SolutionGuid = {5C92F656-894D-4606-9EEE-18384A370578}
	EndGlobalSection
EndGlobal
